
Microsoft Visual Studio Solution File, Format Version 11.00
# Visual Studio 2010
Project("{FAE04EC0-301F-11D3-BF4B-00C04F79EFBC}") = "Unity.Timeline", "Unity.Timeline.csproj", "{afc0fe59-7843-6b44-ee73-60a8f98e220f}"
EndProject
Project("{FAE04EC0-301F-11D3-BF4B-00C04F79EFBC}") = "Unity.Timeline.Editor", "Unity.Timeline.Editor.csproj", "{5e620400-2ed0-b2b4-1e01-0d06c6652af9}"
EndProject
Project("{FAE04EC0-301F-11D3-BF4B-00C04F79EFBC}") = "Unity.PlasticSCM.Editor", "Unity.PlasticSCM.Editor.csproj", "{4f9bb58b-2ca3-fbac-2095-8c51ad09f6de}"
EndProject
Project("{FAE04EC0-301F-11D3-BF4B-00C04F79EFBC}") = "Mirror.Examples", "Mirror.Examples.csproj", "{99a446d1-a290-0ea1-0c09-7db79fdcc969}"
EndProject
Project("{FAE04EC0-301F-11D3-BF4B-00C04F79EFBC}") = "Unity.TextMeshPro.Editor", "Unity.TextMeshPro.Editor.csproj", "{c3ad169d-d8d6-f930-8d10-3b877c8defea}"
EndProject
Project("{FAE04EC0-301F-11D3-BF4B-00C04F79EFBC}") = "Mirror", "Mirror.csproj", "{65082f52-b46e-9a4a-99d0-567f0ffafc23}"
EndProject
Project("{FAE04EC0-301F-11D3-BF4B-00C04F79EFBC}") = "Unity.VisualScripting.Flow", "Unity.VisualScripting.Flow.csproj", "{7c7c01a0-0742-1338-e024-15c2e8fd8f58}"
EndProject
Project("{FAE04EC0-301F-11D3-BF4B-00C04F79EFBC}") = "UnityEditor.UI", "UnityEditor.UI.csproj", "{c143604f-708d-5f4a-9ec8-f7f2a45ce2e0}"
EndProject
Project("{FAE04EC0-301F-11D3-BF4B-00C04F79EFBC}") = "Edgegap", "Edgegap.csproj", "{c48f1754-954d-77fe-94be-53b7986c9d34}"
EndProject
Project("{FAE04EC0-301F-11D3-BF4B-00C04F79EFBC}") = "Unity.VisualScripting.Core", "Unity.VisualScripting.Core.csproj", "{1573bf54-ebf3-48c9-cef5-bb6c62cbcf84}"
EndProject
Project("{FAE04EC0-301F-11D3-BF4B-00C04F79EFBC}") = "Unity.VisualScripting.Core.Editor", "Unity.VisualScripting.Core.Editor.csproj", "{b405abdd-3289-78a3-5513-d114ee2b56a1}"
EndProject
Project("{FAE04EC0-301F-11D3-BF4B-00C04F79EFBC}") = "Mirror.Transports", "Mirror.Transports.csproj", "{61b123dc-2680-8290-45a5-eb621aae0ddc}"
EndProject
Project("{FAE04EC0-301F-11D3-BF4B-00C04F79EFBC}") = "Unity.VisualScripting.Flow.Editor", "Unity.VisualScripting.Flow.Editor.csproj", "{6d53ddb7-47ec-f84e-a40a-de8c2e8623e3}"
EndProject
Project("{FAE04EC0-301F-11D3-BF4B-00C04F79EFBC}") = "UnityEditor.TestRunner", "UnityEditor.TestRunner.csproj", "{adcd0375-6aec-36bf-4f0f-7f40d0b575f9}"
EndProject
Project("{FAE04EC0-301F-11D3-BF4B-00C04F79EFBC}") = "Mirror.Components", "Mirror.Components.csproj", "{3d2e07b5-1f57-ce70-7d74-4c1a6933a340}"
EndProject
Project("{FAE04EC0-301F-11D3-BF4B-00C04F79EFBC}") = "Unity.VisualScripting.SettingsProvider.Editor", "Unity.VisualScripting.SettingsProvider.Editor.csproj", "{7a524dd5-9d53-def9-9ade-faa583390c02}"
EndProject
Project("{FAE04EC0-301F-11D3-BF4B-00C04F79EFBC}") = "Unity.Mirror.CodeGen", "Unity.Mirror.CodeGen.csproj", "{f5b534ca-a741-8f51-be54-06da5532c74b}"
EndProject
Project("{FAE04EC0-301F-11D3-BF4B-00C04F79EFBC}") = "UnityEngine.TestRunner", "UnityEngine.TestRunner.csproj", "{323f3e2d-0c28-1dd9-ca15-66d63aa97ee7}"
EndProject
Project("{FAE04EC0-301F-11D3-BF4B-00C04F79EFBC}") = "UnityEngine.UI", "UnityEngine.UI.csproj", "{deb13140-e603-30d8-a10b-24690b587fa9}"
EndProject
Project("{FAE04EC0-301F-11D3-BF4B-00C04F79EFBC}") = "Unity.VisualStudio.Editor", "Unity.VisualStudio.Editor.csproj", "{6900e8ec-c67a-5a48-9a09-33682e6bc33b}"
EndProject
Project("{FAE04EC0-301F-11D3-BF4B-00C04F79EFBC}") = "Mirror.Editor", "Mirror.Editor.csproj", "{36a85bd4-0dec-77ba-c997-f3389d95e151}"
EndProject
Project("{FAE04EC0-301F-11D3-BF4B-00C04F79EFBC}") = "Unity.TestTools.CodeCoverage.Editor.OpenCover.Model", "Unity.TestTools.CodeCoverage.Editor.OpenCover.Model.csproj", "{f00a9760-e103-8632-1980-f17ea73b8759}"
EndProject
Project("{FAE04EC0-301F-11D3-BF4B-00C04F79EFBC}") = "Unity.Rider.Editor", "Unity.Rider.Editor.csproj", "{fc283519-0098-a37a-86da-11fe2c54cc87}"
EndProject
Project("{FAE04EC0-301F-11D3-BF4B-00C04F79EFBC}") = "SimpleWebTransport", "SimpleWebTransport.csproj", "{f430dfec-e7cc-8d52-9de5-0f91f0acae2c}"
EndProject
Project("{FAE04EC0-301F-11D3-BF4B-00C04F79EFBC}") = "Telepathy", "Telepathy.csproj", "{9145390b-028c-35b1-c7c8-67a923f22356}"
EndProject
Project("{FAE04EC0-301F-11D3-BF4B-00C04F79EFBC}") = "Unity.VisualScripting.State.Editor", "Unity.VisualScripting.State.Editor.csproj", "{c22e459f-5d84-f3eb-7d14-30c1f19ca442}"
EndProject
Project("{FAE04EC0-301F-11D3-BF4B-00C04F79EFBC}") = "Unity.TestTools.CodeCoverage.Editor", "Unity.TestTools.CodeCoverage.Editor.csproj", "{b0b14341-ee35-a20b-deee-0bb0e1677c23}"
EndProject
Project("{FAE04EC0-301F-11D3-BF4B-00C04F79EFBC}") = "ParrelSync", "ParrelSync.csproj", "{787b9459-1da7-9d94-faec-f1c2af8181cf}"
EndProject
Project("{FAE04EC0-301F-11D3-BF4B-00C04F79EFBC}") = "Unity.VisualScripting.State", "Unity.VisualScripting.State.csproj", "{ddc156b0-5f94-caa5-b098-a6d153935f32}"
EndProject
Project("{FAE04EC0-301F-11D3-BF4B-00C04F79EFBC}") = "kcp2k", "kcp2k.csproj", "{fb4d1e0f-fd8b-6b23-4203-50254e2c140c}"
EndProject
Project("{FAE04EC0-301F-11D3-BF4B-00C04F79EFBC}") = "Unity.TextMeshPro", "Unity.TextMeshPro.csproj", "{536ed566-a5ea-58a3-f1f4-e5c8dddbb31c}"
EndProject
Project("{FAE04EC0-301F-11D3-BF4B-00C04F79EFBC}") = "Unity.Performance.Profile-Analyzer.Editor", "Unity.Performance.Profile-Analyzer.Editor.csproj", "{feffc411-fbc4-ba22-2c08-9b6c65cbf8f9}"
EndProject
Project("{FAE04EC0-301F-11D3-BF4B-00C04F79EFBC}") = "Assembly-CSharp-Editor", "Assembly-CSharp-Editor.csproj", "{03103210-7a9b-31a2-adc0-84a411611c54}"
EndProject
Project("{FAE04EC0-301F-11D3-BF4B-00C04F79EFBC}") = "Unity.VSCode.Editor", "Unity.VSCode.Editor.csproj", "{4a887905-bf82-c94b-fb52-cfeeac81e0fb}"
EndProject
Project("{FAE04EC0-301F-11D3-BF4B-00C04F79EFBC}") = "Unity.TestTools.CodeCoverage.Editor.OpenCover.Mono.Reflection", "Unity.TestTools.CodeCoverage.Editor.OpenCover.Mono.Reflection.csproj", "{2e411471-864d-3cca-e4a7-e263c58bf0e1}"
EndProject
Project("{FAE04EC0-301F-11D3-BF4B-00C04F79EFBC}") = "Assembly-CSharp", "Assembly-CSharp.csproj", "{3b148659-2775-bd2c-3b5a-966e902c6a71}"
EndProject
Project("{FAE04EC0-301F-11D3-BF4B-00C04F79EFBC}") = "Mirror.Authenticators", "Mirror.Authenticators.csproj", "{a38573fb-ba71-0b69-add2-8dd5c1b58b31}"
EndProject
Project("{FAE04EC0-301F-11D3-BF4B-00C04F79EFBC}") = "Unity.Settings.Editor", "Unity.Settings.Editor.csproj", "{9aca3a39-4fd2-c699-7e5d-fa6390174820}"
EndProject
Project("{FAE04EC0-301F-11D3-BF4B-00C04F79EFBC}") = "EncryptionTransportEditor", "EncryptionTransportEditor.csproj", "{167d1989-d6d3-b8fc-b197-405af1660291}"
EndProject
Project("{FAE04EC0-301F-11D3-BF4B-00C04F79EFBC}") = "Unity.EditorCoroutines.Editor", "Unity.EditorCoroutines.Editor.csproj", "{d33e00ce-1339-5789-74a8-2f82b7378e6e}"
EndProject
Project("{FAE04EC0-301F-11D3-BF4B-00C04F79EFBC}") = "Unity.CollabProxy.Editor", "Unity.CollabProxy.Editor.csproj", "{dd75e195-bffe-3aa1-1633-08120516eb0a}"
EndProject
Project("{FAE04EC0-301F-11D3-BF4B-00C04F79EFBC}") = "Mirror.CompilerSymbols", "Mirror.CompilerSymbols.csproj", "{6d0138b6-3df5-aacd-adab-ce05b03b7355}"
EndProject
Project("{FAE04EC0-301F-11D3-BF4B-00C04F79EFBC}") = "Unity.VisualScripting.Shared.Editor", "Unity.VisualScripting.Shared.Editor.csproj", "{68b1e27f-f1fe-05cc-4a88-7ba70927eb92}"
EndProject
Project("{FAE04EC0-301F-11D3-BF4B-00C04F79EFBC}") = "Unity.PlasticSCM.Editor.Entities", "Unity.PlasticSCM.Editor.Entities.csproj", "{c51f8351-4cee-89d3-386e-542d4183d561}"
EndProject
Project("{FAE04EC0-301F-11D3-BF4B-00C04F79EFBC}") = "Unity.Timeline", "Unity.Timeline.Player.csproj", "{745923f6-2746-7912-e621-44801b7dfa1a}"
EndProject
Project("{FAE04EC0-301F-11D3-BF4B-00C04F79EFBC}") = "Mirror.Examples", "Mirror.Examples.Player.csproj", "{4ccc05e9-062b-9931-3290-4105b37feed0}"
EndProject
Project("{FAE04EC0-301F-11D3-BF4B-00C04F79EFBC}") = "Mirror", "Mirror.Player.csproj", "{7f4e2e3d-2334-3b7b-46b3-c64be74bf3b4}"
EndProject
Project("{FAE04EC0-301F-11D3-BF4B-00C04F79EFBC}") = "Unity.VisualScripting.Flow", "Unity.VisualScripting.Flow.Player.csproj", "{ca11914d-3591-4e35-6424-6d499f294c90}"
EndProject
Project("{FAE04EC0-301F-11D3-BF4B-00C04F79EFBC}") = "Unity.VisualScripting.Core", "Unity.VisualScripting.Core.Player.csproj", "{db64653f-ad6b-99ae-b425-cfd0aa1b7cf2}"
EndProject
Project("{FAE04EC0-301F-11D3-BF4B-00C04F79EFBC}") = "Mirror.Transports", "Mirror.Transports.Player.csproj", "{f181f053-f896-3b52-7f94-f88165702b3a}"
EndProject
Project("{FAE04EC0-301F-11D3-BF4B-00C04F79EFBC}") = "Mirror.Components", "Mirror.Components.Player.csproj", "{ec223284-1bc7-f2cf-24bf-250859f40eab}"
EndProject
Project("{FAE04EC0-301F-11D3-BF4B-00C04F79EFBC}") = "UnityEngine.TestRunner", "UnityEngine.TestRunner.Player.csproj", "{14a19c82-6bdb-e17c-0a79-255b65580e59}"
EndProject
Project("{FAE04EC0-301F-11D3-BF4B-00C04F79EFBC}") = "UnityEngine.UI", "UnityEngine.UI.Player.csproj", "{cafcf467-1c6a-1a17-9773-325a331e0d71}"
EndProject
Project("{FAE04EC0-301F-11D3-BF4B-00C04F79EFBC}") = "SimpleWebTransport", "SimpleWebTransport.Player.csproj", "{3902eb4e-6080-a945-70e9-07d285691278}"
EndProject
Project("{FAE04EC0-301F-11D3-BF4B-00C04F79EFBC}") = "Telepathy", "Telepathy.Player.csproj", "{64e83310-66e7-24d8-6d0a-1d6107e12a9e}"
EndProject
Project("{FAE04EC0-301F-11D3-BF4B-00C04F79EFBC}") = "Unity.VisualScripting.State", "Unity.VisualScripting.State.Player.csproj", "{dcfba87b-838d-0256-9c36-af734d600dc2}"
EndProject
Project("{FAE04EC0-301F-11D3-BF4B-00C04F79EFBC}") = "kcp2k", "kcp2k.Player.csproj", "{e37f745f-4db8-7ee6-0b2e-7d864b4fb209}"
EndProject
Project("{FAE04EC0-301F-11D3-BF4B-00C04F79EFBC}") = "Unity.TextMeshPro", "Unity.TextMeshPro.Player.csproj", "{7a810a6e-07a3-646b-6765-24fa7cbbadba}"
EndProject
Project("{FAE04EC0-301F-11D3-BF4B-00C04F79EFBC}") = "Assembly-CSharp", "Assembly-CSharp.Player.csproj", "{7c81a757-e409-1145-4aff-9e983a1accd4}"
EndProject
Project("{FAE04EC0-301F-11D3-BF4B-00C04F79EFBC}") = "Mirror.Authenticators", "Mirror.Authenticators.Player.csproj", "{14aacca1-3247-c0d4-53d8-aa3731bda093}"
EndProject
Project("{FAE04EC0-301F-11D3-BF4B-00C04F79EFBC}") = "Unity.TestTools.CodeCoverage.Editor.Compatibility", "Unity.TestTools.CodeCoverage.Editor.Compatibility.csproj", "{7dae6940-f96b-fcf9-27a3-f6d66883595d}"
EndProject
Project("{FAE04EC0-301F-11D3-BF4B-00C04F79EFBC}") = "Unity.TextMeshPro.Editor.Tests", "Unity.TextMeshPro.Editor.Tests.csproj", "{05b7fb2f-ebd8-589a-7b1f-d22a7336352b}"
EndProject
Project("{FAE04EC0-301F-11D3-BF4B-00C04F79EFBC}") = "DocCodeExamples", "DocCodeExamples.csproj", "{2f7bb06c-8fc1-b43f-d375-8b7c74a6a71b}"
EndProject
Project("{FAE04EC0-301F-11D3-BF4B-00C04F79EFBC}") = "Unity.Performance.Profile-Analyzer.EditorTests", "Unity.Performance.Profile-Analyzer.EditorTests.csproj", "{5d4bd36b-c219-94bd-c317-ccb19438ed91}"
EndProject
Project("{FAE04EC0-301F-11D3-BF4B-00C04F79EFBC}") = "Unity.Settings.Tests", "Unity.Settings.Tests.csproj", "{269aa2fc-6e0d-b5cd-f109-dd21b251da47}"
EndProject
Project("{FAE04EC0-301F-11D3-BF4B-00C04F79EFBC}") = "UnityEngine.UI.Tests", "UnityEngine.UI.Tests.csproj", "{e4aecab9-ef9a-d90e-b40f-1d61977e00ca}"
EndProject
Project("{FAE04EC0-301F-11D3-BF4B-00C04F79EFBC}") = "Unity.TextMeshPro.Tests", "Unity.TextMeshPro.Tests.csproj", "{c23e979a-ccfb-4e29-550a-de261f78a437}"
EndProject
Project("{FAE04EC0-301F-11D3-BF4B-00C04F79EFBC}") = "UnityEditor.UI.EditorTests", "UnityEditor.UI.EditorTests.csproj", "{d17f985a-5786-b219-48ec-708d3a90aa14}"
EndProject
Global
	GlobalSection(SolutionConfigurationPlatforms) = preSolution
		Debug|Any CPU = Debug|Any CPU
	EndGlobalSection
	GlobalSection(ProjectConfigurationPlatforms) = postSolution
		{afc0fe59-7843-6b44-ee73-60a8f98e220f}.Debug|Any CPU.ActiveCfg = Debug|Any CPU
		{afc0fe59-7843-6b44-ee73-60a8f98e220f}.Debug|Any CPU.Build.0 = Debug|Any CPU
		{5e620400-2ed0-b2b4-1e01-0d06c6652af9}.Debug|Any CPU.ActiveCfg = Debug|Any CPU
		{5e620400-2ed0-b2b4-1e01-0d06c6652af9}.Debug|Any CPU.Build.0 = Debug|Any CPU
		{4f9bb58b-2ca3-fbac-2095-8c51ad09f6de}.Debug|Any CPU.ActiveCfg = Debug|Any CPU
		{4f9bb58b-2ca3-fbac-2095-8c51ad09f6de}.Debug|Any CPU.Build.0 = Debug|Any CPU
		{99a446d1-a290-0ea1-0c09-7db79fdcc969}.Debug|Any CPU.ActiveCfg = Debug|Any CPU
		{99a446d1-a290-0ea1-0c09-7db79fdcc969}.Debug|Any CPU.Build.0 = Debug|Any CPU
		{c3ad169d-d8d6-f930-8d10-3b877c8defea}.Debug|Any CPU.ActiveCfg = Debug|Any CPU
		{c3ad169d-d8d6-f930-8d10-3b877c8defea}.Debug|Any CPU.Build.0 = Debug|Any CPU
		{65082f52-b46e-9a4a-99d0-567f0ffafc23}.Debug|Any CPU.ActiveCfg = Debug|Any CPU
		{65082f52-b46e-9a4a-99d0-567f0ffafc23}.Debug|Any CPU.Build.0 = Debug|Any CPU
		{7c7c01a0-0742-1338-e024-15c2e8fd8f58}.Debug|Any CPU.ActiveCfg = Debug|Any CPU
		{7c7c01a0-0742-1338-e024-15c2e8fd8f58}.Debug|Any CPU.Build.0 = Debug|Any CPU
		{c143604f-708d-5f4a-9ec8-f7f2a45ce2e0}.Debug|Any CPU.ActiveCfg = Debug|Any CPU
		{c143604f-708d-5f4a-9ec8-f7f2a45ce2e0}.Debug|Any CPU.Build.0 = Debug|Any CPU
		{c48f1754-954d-77fe-94be-53b7986c9d34}.Debug|Any CPU.ActiveCfg = Debug|Any CPU
		{c48f1754-954d-77fe-94be-53b7986c9d34}.Debug|Any CPU.Build.0 = Debug|Any CPU
		{1573bf54-ebf3-48c9-cef5-bb6c62cbcf84}.Debug|Any CPU.ActiveCfg = Debug|Any CPU
		{1573bf54-ebf3-48c9-cef5-bb6c62cbcf84}.Debug|Any CPU.Build.0 = Debug|Any CPU
		{b405abdd-3289-78a3-5513-d114ee2b56a1}.Debug|Any CPU.ActiveCfg = Debug|Any CPU
		{b405abdd-3289-78a3-5513-d114ee2b56a1}.Debug|Any CPU.Build.0 = Debug|Any CPU
		{61b123dc-2680-8290-45a5-eb621aae0ddc}.Debug|Any CPU.ActiveCfg = Debug|Any CPU
		{61b123dc-2680-8290-45a5-eb621aae0ddc}.Debug|Any CPU.Build.0 = Debug|Any CPU
		{6d53ddb7-47ec-f84e-a40a-de8c2e8623e3}.Debug|Any CPU.ActiveCfg = Debug|Any CPU
		{6d53ddb7-47ec-f84e-a40a-de8c2e8623e3}.Debug|Any CPU.Build.0 = Debug|Any CPU
		{adcd0375-6aec-36bf-4f0f-7f40d0b575f9}.Debug|Any CPU.ActiveCfg = Debug|Any CPU
		{adcd0375-6aec-36bf-4f0f-7f40d0b575f9}.Debug|Any CPU.Build.0 = Debug|Any CPU
		{3d2e07b5-1f57-ce70-7d74-4c1a6933a340}.Debug|Any CPU.ActiveCfg = Debug|Any CPU
		{3d2e07b5-1f57-ce70-7d74-4c1a6933a340}.Debug|Any CPU.Build.0 = Debug|Any CPU
		{7a524dd5-9d53-def9-9ade-faa583390c02}.Debug|Any CPU.ActiveCfg = Debug|Any CPU
		{7a524dd5-9d53-def9-9ade-faa583390c02}.Debug|Any CPU.Build.0 = Debug|Any CPU
		{f5b534ca-a741-8f51-be54-06da5532c74b}.Debug|Any CPU.ActiveCfg = Debug|Any CPU
		{f5b534ca-a741-8f51-be54-06da5532c74b}.Debug|Any CPU.Build.0 = Debug|Any CPU
		{323f3e2d-0c28-1dd9-ca15-66d63aa97ee7}.Debug|Any CPU.ActiveCfg = Debug|Any CPU
		{323f3e2d-0c28-1dd9-ca15-66d63aa97ee7}.Debug|Any CPU.Build.0 = Debug|Any CPU
		{deb13140-e603-30d8-a10b-24690b587fa9}.Debug|Any CPU.ActiveCfg = Debug|Any CPU
		{deb13140-e603-30d8-a10b-24690b587fa9}.Debug|Any CPU.Build.0 = Debug|Any CPU
		{6900e8ec-c67a-5a48-9a09-33682e6bc33b}.Debug|Any CPU.ActiveCfg = Debug|Any CPU
		{6900e8ec-c67a-5a48-9a09-33682e6bc33b}.Debug|Any CPU.Build.0 = Debug|Any CPU
		{36a85bd4-0dec-77ba-c997-f3389d95e151}.Debug|Any CPU.ActiveCfg = Debug|Any CPU
		{36a85bd4-0dec-77ba-c997-f3389d95e151}.Debug|Any CPU.Build.0 = Debug|Any CPU
		{f00a9760-e103-8632-1980-f17ea73b8759}.Debug|Any CPU.ActiveCfg = Debug|Any CPU
		{f00a9760-e103-8632-1980-f17ea73b8759}.Debug|Any CPU.Build.0 = Debug|Any CPU
		{fc283519-0098-a37a-86da-11fe2c54cc87}.Debug|Any CPU.ActiveCfg = Debug|Any CPU
		{fc283519-0098-a37a-86da-11fe2c54cc87}.Debug|Any CPU.Build.0 = Debug|Any CPU
		{f430dfec-e7cc-8d52-9de5-0f91f0acae2c}.Debug|Any CPU.ActiveCfg = Debug|Any CPU
		{f430dfec-e7cc-8d52-9de5-0f91f0acae2c}.Debug|Any CPU.Build.0 = Debug|Any CPU
		{9145390b-028c-35b1-c7c8-67a923f22356}.Debug|Any CPU.ActiveCfg = Debug|Any CPU
		{9145390b-028c-35b1-c7c8-67a923f22356}.Debug|Any CPU.Build.0 = Debug|Any CPU
		{c22e459f-5d84-f3eb-7d14-30c1f19ca442}.Debug|Any CPU.ActiveCfg = Debug|Any CPU
		{c22e459f-5d84-f3eb-7d14-30c1f19ca442}.Debug|Any CPU.Build.0 = Debug|Any CPU
		{b0b14341-ee35-a20b-deee-0bb0e1677c23}.Debug|Any CPU.ActiveCfg = Debug|Any CPU
		{b0b14341-ee35-a20b-deee-0bb0e1677c23}.Debug|Any CPU.Build.0 = Debug|Any CPU
		{787b9459-1da7-9d94-faec-f1c2af8181cf}.Debug|Any CPU.ActiveCfg = Debug|Any CPU
		{787b9459-1da7-9d94-faec-f1c2af8181cf}.Debug|Any CPU.Build.0 = Debug|Any CPU
		{ddc156b0-5f94-caa5-b098-a6d153935f32}.Debug|Any CPU.ActiveCfg = Debug|Any CPU
		{ddc156b0-5f94-caa5-b098-a6d153935f32}.Debug|Any CPU.Build.0 = Debug|Any CPU
		{fb4d1e0f-fd8b-6b23-4203-50254e2c140c}.Debug|Any CPU.ActiveCfg = Debug|Any CPU
		{fb4d1e0f-fd8b-6b23-4203-50254e2c140c}.Debug|Any CPU.Build.0 = Debug|Any CPU
		{536ed566-a5ea-58a3-f1f4-e5c8dddbb31c}.Debug|Any CPU.ActiveCfg = Debug|Any CPU
		{536ed566-a5ea-58a3-f1f4-e5c8dddbb31c}.Debug|Any CPU.Build.0 = Debug|Any CPU
		{feffc411-fbc4-ba22-2c08-9b6c65cbf8f9}.Debug|Any CPU.ActiveCfg = Debug|Any CPU
		{feffc411-fbc4-ba22-2c08-9b6c65cbf8f9}.Debug|Any CPU.Build.0 = Debug|Any CPU
		{03103210-7a9b-31a2-adc0-84a411611c54}.Debug|Any CPU.ActiveCfg = Debug|Any CPU
		{03103210-7a9b-31a2-adc0-84a411611c54}.Debug|Any CPU.Build.0 = Debug|Any CPU
		{4a887905-bf82-c94b-fb52-cfeeac81e0fb}.Debug|Any CPU.ActiveCfg = Debug|Any CPU
		{4a887905-bf82-c94b-fb52-cfeeac81e0fb}.Debug|Any CPU.Build.0 = Debug|Any CPU
		{2e411471-864d-3cca-e4a7-e263c58bf0e1}.Debug|Any CPU.ActiveCfg = Debug|Any CPU
		{2e411471-864d-3cca-e4a7-e263c58bf0e1}.Debug|Any CPU.Build.0 = Debug|Any CPU
		{3b148659-2775-bd2c-3b5a-966e902c6a71}.Debug|Any CPU.ActiveCfg = Debug|Any CPU
		{3b148659-2775-bd2c-3b5a-966e902c6a71}.Debug|Any CPU.Build.0 = Debug|Any CPU
		{a38573fb-ba71-0b69-add2-8dd5c1b58b31}.Debug|Any CPU.ActiveCfg = Debug|Any CPU
		{a38573fb-ba71-0b69-add2-8dd5c1b58b31}.Debug|Any CPU.Build.0 = Debug|Any CPU
		{9aca3a39-4fd2-c699-7e5d-fa6390174820}.Debug|Any CPU.ActiveCfg = Debug|Any CPU
		{9aca3a39-4fd2-c699-7e5d-fa6390174820}.Debug|Any CPU.Build.0 = Debug|Any CPU
		{167d1989-d6d3-b8fc-b197-405af1660291}.Debug|Any CPU.ActiveCfg = Debug|Any CPU
		{167d1989-d6d3-b8fc-b197-405af1660291}.Debug|Any CPU.Build.0 = Debug|Any CPU
		{d33e00ce-1339-5789-74a8-2f82b7378e6e}.Debug|Any CPU.ActiveCfg = Debug|Any CPU
		{d33e00ce-1339-5789-74a8-2f82b7378e6e}.Debug|Any CPU.Build.0 = Debug|Any CPU
		{dd75e195-bffe-3aa1-1633-08120516eb0a}.Debug|Any CPU.ActiveCfg = Debug|Any CPU
		{dd75e195-bffe-3aa1-1633-08120516eb0a}.Debug|Any CPU.Build.0 = Debug|Any CPU
		{6d0138b6-3df5-aacd-adab-ce05b03b7355}.Debug|Any CPU.ActiveCfg = Debug|Any CPU
		{6d0138b6-3df5-aacd-adab-ce05b03b7355}.Debug|Any CPU.Build.0 = Debug|Any CPU
		{68b1e27f-f1fe-05cc-4a88-7ba70927eb92}.Debug|Any CPU.ActiveCfg = Debug|Any CPU
		{68b1e27f-f1fe-05cc-4a88-7ba70927eb92}.Debug|Any CPU.Build.0 = Debug|Any CPU
		{c51f8351-4cee-89d3-386e-542d4183d561}.Debug|Any CPU.ActiveCfg = Debug|Any CPU
		{c51f8351-4cee-89d3-386e-542d4183d561}.Debug|Any CPU.Build.0 = Debug|Any CPU
		{745923f6-2746-7912-e621-44801b7dfa1a}.Debug|Any CPU.ActiveCfg = Debug|Any CPU
		{745923f6-2746-7912-e621-44801b7dfa1a}.Debug|Any CPU.Build.0 = Debug|Any CPU
		{4ccc05e9-062b-9931-3290-4105b37feed0}.Debug|Any CPU.ActiveCfg = Debug|Any CPU
		{4ccc05e9-062b-9931-3290-4105b37feed0}.Debug|Any CPU.Build.0 = Debug|Any CPU
		{7f4e2e3d-2334-3b7b-46b3-c64be74bf3b4}.Debug|Any CPU.ActiveCfg = Debug|Any CPU
		{7f4e2e3d-2334-3b7b-46b3-c64be74bf3b4}.Debug|Any CPU.Build.0 = Debug|Any CPU
		{ca11914d-3591-4e35-6424-6d499f294c90}.Debug|Any CPU.ActiveCfg = Debug|Any CPU
		{ca11914d-3591-4e35-6424-6d499f294c90}.Debug|Any CPU.Build.0 = Debug|Any CPU
		{db64653f-ad6b-99ae-b425-cfd0aa1b7cf2}.Debug|Any CPU.ActiveCfg = Debug|Any CPU
		{db64653f-ad6b-99ae-b425-cfd0aa1b7cf2}.Debug|Any CPU.Build.0 = Debug|Any CPU
		{f181f053-f896-3b52-7f94-f88165702b3a}.Debug|Any CPU.ActiveCfg = Debug|Any CPU
		{f181f053-f896-3b52-7f94-f88165702b3a}.Debug|Any CPU.Build.0 = Debug|Any CPU
		{ec223284-1bc7-f2cf-24bf-250859f40eab}.Debug|Any CPU.ActiveCfg = Debug|Any CPU
		{ec223284-1bc7-f2cf-24bf-250859f40eab}.Debug|Any CPU.Build.0 = Debug|Any CPU
		{14a19c82-6bdb-e17c-0a79-255b65580e59}.Debug|Any CPU.ActiveCfg = Debug|Any CPU
		{14a19c82-6bdb-e17c-0a79-255b65580e59}.Debug|Any CPU.Build.0 = Debug|Any CPU
		{cafcf467-1c6a-1a17-9773-325a331e0d71}.Debug|Any CPU.ActiveCfg = Debug|Any CPU
		{cafcf467-1c6a-1a17-9773-325a331e0d71}.Debug|Any CPU.Build.0 = Debug|Any CPU
		{3902eb4e-6080-a945-70e9-07d285691278}.Debug|Any CPU.ActiveCfg = Debug|Any CPU
		{3902eb4e-6080-a945-70e9-07d285691278}.Debug|Any CPU.Build.0 = Debug|Any CPU
		{64e83310-66e7-24d8-6d0a-1d6107e12a9e}.Debug|Any CPU.ActiveCfg = Debug|Any CPU
		{64e83310-66e7-24d8-6d0a-1d6107e12a9e}.Debug|Any CPU.Build.0 = Debug|Any CPU
		{dcfba87b-838d-0256-9c36-af734d600dc2}.Debug|Any CPU.ActiveCfg = Debug|Any CPU
		{dcfba87b-838d-0256-9c36-af734d600dc2}.Debug|Any CPU.Build.0 = Debug|Any CPU
		{e37f745f-4db8-7ee6-0b2e-7d864b4fb209}.Debug|Any CPU.ActiveCfg = Debug|Any CPU
		{e37f745f-4db8-7ee6-0b2e-7d864b4fb209}.Debug|Any CPU.Build.0 = Debug|Any CPU
		{7a810a6e-07a3-646b-6765-24fa7cbbadba}.Debug|Any CPU.ActiveCfg = Debug|Any CPU
		{7a810a6e-07a3-646b-6765-24fa7cbbadba}.Debug|Any CPU.Build.0 = Debug|Any CPU
		{7c81a757-e409-1145-4aff-9e983a1accd4}.Debug|Any CPU.ActiveCfg = Debug|Any CPU
		{7c81a757-e409-1145-4aff-9e983a1accd4}.Debug|Any CPU.Build.0 = Debug|Any CPU
		{14aacca1-3247-c0d4-53d8-aa3731bda093}.Debug|Any CPU.ActiveCfg = Debug|Any CPU
		{14aacca1-3247-c0d4-53d8-aa3731bda093}.Debug|Any CPU.Build.0 = Debug|Any CPU
		{7dae6940-f96b-fcf9-27a3-f6d66883595d}.Debug|Any CPU.ActiveCfg = Debug|Any CPU
		{7dae6940-f96b-fcf9-27a3-f6d66883595d}.Debug|Any CPU.Build.0 = Debug|Any CPU
		{05b7fb2f-ebd8-589a-7b1f-d22a7336352b}.Debug|Any CPU.ActiveCfg = Debug|Any CPU
		{05b7fb2f-ebd8-589a-7b1f-d22a7336352b}.Debug|Any CPU.Build.0 = Debug|Any CPU
		{2f7bb06c-8fc1-b43f-d375-8b7c74a6a71b}.Debug|Any CPU.ActiveCfg = Debug|Any CPU
		{2f7bb06c-8fc1-b43f-d375-8b7c74a6a71b}.Debug|Any CPU.Build.0 = Debug|Any CPU
		{5d4bd36b-c219-94bd-c317-ccb19438ed91}.Debug|Any CPU.ActiveCfg = Debug|Any CPU
		{5d4bd36b-c219-94bd-c317-ccb19438ed91}.Debug|Any CPU.Build.0 = Debug|Any CPU
		{269aa2fc-6e0d-b5cd-f109-dd21b251da47}.Debug|Any CPU.ActiveCfg = Debug|Any CPU
		{269aa2fc-6e0d-b5cd-f109-dd21b251da47}.Debug|Any CPU.Build.0 = Debug|Any CPU
		{e4aecab9-ef9a-d90e-b40f-1d61977e00ca}.Debug|Any CPU.ActiveCfg = Debug|Any CPU
		{e4aecab9-ef9a-d90e-b40f-1d61977e00ca}.Debug|Any CPU.Build.0 = Debug|Any CPU
		{c23e979a-ccfb-4e29-550a-de261f78a437}.Debug|Any CPU.ActiveCfg = Debug|Any CPU
		{c23e979a-ccfb-4e29-550a-de261f78a437}.Debug|Any CPU.Build.0 = Debug|Any CPU
		{d17f985a-5786-b219-48ec-708d3a90aa14}.Debug|Any CPU.ActiveCfg = Debug|Any CPU
		{d17f985a-5786-b219-48ec-708d3a90aa14}.Debug|Any CPU.Build.0 = Debug|Any CPU
	EndGlobalSection
	GlobalSection(SolutionProperties) = preSolution
		HideSolutionNode = FALSE
	EndGlobalSection
EndGlobal
